// !$*UTF8*$!
{
	archiveVersion = 1;
	classes = {
	};
	objectVersion = 56;
	objects = {

/* Begin PBXBuildFile section */
		248B30F129CB62B400EBAD36 /* AppDelegate.swift in Sources */ = {isa = PBXBuildFile; fileRef = 248B30F029CB62B400EBAD36 /* AppDelegate.swift */; };
		248B30F329CB62B400EBAD36 /* SceneDelegate.swift in Sources */ = {isa = PBXBuildFile; fileRef = 248B30F229CB62B400EBAD36 /* SceneDelegate.swift */; };
		248B30F529CB62B400EBAD36 /* MainTabBarViewController.swift in Sources */ = {isa = PBXBuildFile; fileRef = 248B30F429CB62B400EBAD36 /* MainTabBarViewController.swift */; };
		248B30FA29CB62B600EBAD36 /* Assets.xcassets in Resources */ = {isa = PBXBuildFile; fileRef = 248B30F929CB62B600EBAD36 /* Assets.xcassets */; };
		248B30FD29CB62B600EBAD36 /* LaunchScreen.storyboard in Resources */ = {isa = PBXBuildFile; fileRef = 248B30FB29CB62B600EBAD36 /* LaunchScreen.storyboard */; };
		248B310729CB64BF00EBAD36 /* HomeViewController.swift in Sources */ = {isa = PBXBuildFile; fileRef = 248B310629CB64BF00EBAD36 /* HomeViewController.swift */; };
		248B310929CB64D100EBAD36 /* SearchViewController.swift in Sources */ = {isa = PBXBuildFile; fileRef = 248B310829CB64D100EBAD36 /* SearchViewController.swift */; };
		248B310B29CB64E600EBAD36 /* NotificationViewController.swift in Sources */ = {isa = PBXBuildFile; fileRef = 248B310A29CB64E600EBAD36 /* NotificationViewController.swift */; };
		248B310D29CB650000EBAD36 /* DirectMessagesViewController.swift in Sources */ = {isa = PBXBuildFile; fileRef = 248B310C29CB650000EBAD36 /* DirectMessagesViewController.swift */; };
		248B311029CB731C00EBAD36 /* TweetTableViewCell.swift in Sources */ = {isa = PBXBuildFile; fileRef = 248B310F29CB731C00EBAD36 /* TweetTableViewCell.swift */; };
		248B311329CB983B00EBAD36 /* ProfileViewController.swift in Sources */ = {isa = PBXBuildFile; fileRef = 248B311229CB983B00EBAD36 /* ProfileViewController.swift */; };
		248B311529CC3A4700EBAD36 /* ProfileTableViewHeader.swift in Sources */ = {isa = PBXBuildFile; fileRef = 248B311429CC3A4700EBAD36 /* ProfileTableViewHeader.swift */; };
		248B311A29CCACB000EBAD36 /* FirebaseAuth in Frameworks */ = {isa = PBXBuildFile; productRef = 248B311929CCACB000EBAD36 /* FirebaseAuth */; };
		248B311C29CCACB000EBAD36 /* FirebaseAuthCombine-Community in Frameworks */ = {isa = PBXBuildFile; productRef = 248B311B29CCACB000EBAD36 /* FirebaseAuthCombine-Community */; };
		248B311E29CCACB000EBAD36 /* FirebaseDatabase in Frameworks */ = {isa = PBXBuildFile; productRef = 248B311D29CCACB000EBAD36 /* FirebaseDatabase */; };
		248B312029CCACB000EBAD36 /* FirebaseDatabaseSwift in Frameworks */ = {isa = PBXBuildFile; productRef = 248B311F29CCACB000EBAD36 /* FirebaseDatabaseSwift */; };
		248B312229CCACB000EBAD36 /* FirebaseFirestore in Frameworks */ = {isa = PBXBuildFile; productRef = 248B312129CCACB000EBAD36 /* FirebaseFirestore */; };
		248B312429CCACB000EBAD36 /* FirebaseFirestoreCombine-Community in Frameworks */ = {isa = PBXBuildFile; productRef = 248B312329CCACB000EBAD36 /* FirebaseFirestoreCombine-Community */; };
		248B312629CCACB000EBAD36 /* FirebaseFirestoreSwift in Frameworks */ = {isa = PBXBuildFile; productRef = 248B312529CCACB000EBAD36 /* FirebaseFirestoreSwift */; };
		248B312829CCACB000EBAD36 /* FirebaseStorage in Frameworks */ = {isa = PBXBuildFile; productRef = 248B312729CCACB000EBAD36 /* FirebaseStorage */; };
		248B312A29CCACB000EBAD36 /* FirebaseStorageCombine-Community in Frameworks */ = {isa = PBXBuildFile; productRef = 248B312929CCACB000EBAD36 /* FirebaseStorageCombine-Community */; };
		248B312D29CCAFB300EBAD36 /* OnboardingViewController.swift in Sources */ = {isa = PBXBuildFile; fileRef = 248B312C29CCAFB300EBAD36 /* OnboardingViewController.swift */; };
		248B313029CCB6A200EBAD36 /* GoogleService-Info.plist in Resources */ = {isa = PBXBuildFile; fileRef = 248B312F29CCB6A200EBAD36 /* GoogleService-Info.plist */; };
		248B313229CCC1C700EBAD36 /* RegisterViewController.swift in Sources */ = {isa = PBXBuildFile; fileRef = 248B313129CCC1C700EBAD36 /* RegisterViewController.swift */; };
		248B313529CCD66900EBAD36 /* RegisterViewModel.swift in Sources */ = {isa = PBXBuildFile; fileRef = 248B313429CCD66900EBAD36 /* RegisterViewModel.swift */; };
		248B313829CF1E3400EBAD36 /* AuthManager.swift in Sources */ = {isa = PBXBuildFile; fileRef = 248B313729CF1E3400EBAD36 /* AuthManager.swift */; };
/* End PBXBuildFile section */

/* Begin PBXFileReference section */
		248B30ED29CB62B400EBAD36 /* Twitter Clone.app */ = {isa = PBXFileReference; explicitFileType = wrapper.application; includeInIndex = 0; path = "Twitter Clone.app"; sourceTree = BUILT_PRODUCTS_DIR; };
		248B30F029CB62B400EBAD36 /* AppDelegate.swift */ = {isa = PBXFileReference; lastKnownFileType = sourcecode.swift; path = AppDelegate.swift; sourceTree = "<group>"; };
		248B30F229CB62B400EBAD36 /* SceneDelegate.swift */ = {isa = PBXFileReference; lastKnownFileType = sourcecode.swift; path = SceneDelegate.swift; sourceTree = "<group>"; };
		248B30F429CB62B400EBAD36 /* MainTabBarViewController.swift */ = {isa = PBXFileReference; lastKnownFileType = sourcecode.swift; path = MainTabBarViewController.swift; sourceTree = "<group>"; };
		248B30F929CB62B600EBAD36 /* Assets.xcassets */ = {isa = PBXFileReference; lastKnownFileType = folder.assetcatalog; path = Assets.xcassets; sourceTree = "<group>"; };
		248B30FC29CB62B600EBAD36 /* Base */ = {isa = PBXFileReference; lastKnownFileType = file.storyboard; name = Base; path = Base.lproj/LaunchScreen.storyboard; sourceTree = "<group>"; };
		248B30FE29CB62B600EBAD36 /* Info.plist */ = {isa = PBXFileReference; lastKnownFileType = text.plist.xml; path = Info.plist; sourceTree = "<group>"; };
		248B310629CB64BF00EBAD36 /* HomeViewController.swift */ = {isa = PBXFileReference; lastKnownFileType = sourcecode.swift; path = HomeViewController.swift; sourceTree = "<group>"; };
		248B310829CB64D100EBAD36 /* SearchViewController.swift */ = {isa = PBXFileReference; lastKnownFileType = sourcecode.swift; path = SearchViewController.swift; sourceTree = "<group>"; };
		248B310A29CB64E600EBAD36 /* NotificationViewController.swift */ = {isa = PBXFileReference; lastKnownFileType = sourcecode.swift; path = NotificationViewController.swift; sourceTree = "<group>"; };
		248B310C29CB650000EBAD36 /* DirectMessagesViewController.swift */ = {isa = PBXFileReference; lastKnownFileType = sourcecode.swift; path = DirectMessagesViewController.swift; sourceTree = "<group>"; };
		248B310F29CB731C00EBAD36 /* TweetTableViewCell.swift */ = {isa = PBXFileReference; lastKnownFileType = sourcecode.swift; path = TweetTableViewCell.swift; sourceTree = "<group>"; };
		248B311229CB983B00EBAD36 /* ProfileViewController.swift */ = {isa = PBXFileReference; lastKnownFileType = sourcecode.swift; path = ProfileViewController.swift; sourceTree = "<group>"; };
		248B311429CC3A4700EBAD36 /* ProfileTableViewHeader.swift */ = {isa = PBXFileReference; lastKnownFileType = sourcecode.swift; path = ProfileTableViewHeader.swift; sourceTree = "<group>"; };
		248B312C29CCAFB300EBAD36 /* OnboardingViewController.swift */ = {isa = PBXFileReference; lastKnownFileType = sourcecode.swift; path = OnboardingViewController.swift; sourceTree = "<group>"; };
		248B312F29CCB6A200EBAD36 /* GoogleService-Info.plist */ = {isa = PBXFileReference; fileEncoding = 4; lastKnownFileType = text.plist.xml; path = "GoogleService-Info.plist"; sourceTree = "<group>"; };
		248B313129CCC1C700EBAD36 /* RegisterViewController.swift */ = {isa = PBXFileReference; lastKnownFileType = sourcecode.swift; path = RegisterViewController.swift; sourceTree = "<group>"; };
		248B313429CCD66900EBAD36 /* RegisterViewModel.swift */ = {isa = PBXFileReference; lastKnownFileType = sourcecode.swift; path = RegisterViewModel.swift; sourceTree = "<group>"; };
		248B313729CF1E3400EBAD36 /* AuthManager.swift */ = {isa = PBXFileReference; lastKnownFileType = sourcecode.swift; path = AuthManager.swift; sourceTree = "<group>"; };
/* End PBXFileReference section */

/* Begin PBXFrameworksBuildPhase section */
		248B30EA29CB62B400EBAD36 /* Frameworks */ = {
			isa = PBXFrameworksBuildPhase;
			buildActionMask = 2147483647;
			files = (
				248B312029CCACB000EBAD36 /* FirebaseDatabaseSwift in Frameworks */,
				248B311E29CCACB000EBAD36 /* FirebaseDatabase in Frameworks */,
				248B311A29CCACB000EBAD36 /* FirebaseAuth in Frameworks */,
				248B312629CCACB000EBAD36 /* FirebaseFirestoreSwift in Frameworks */,
				248B312429CCACB000EBAD36 /* FirebaseFirestoreCombine-Community in Frameworks */,
				248B312829CCACB000EBAD36 /* FirebaseStorage in Frameworks */,
				248B312229CCACB000EBAD36 /* FirebaseFirestore in Frameworks */,
				248B312A29CCACB000EBAD36 /* FirebaseStorageCombine-Community in Frameworks */,
				248B311C29CCACB000EBAD36 /* FirebaseAuthCombine-Community in Frameworks */,
			);
			runOnlyForDeploymentPostprocessing = 0;
		};
/* End PBXFrameworksBuildPhase section */

/* Begin PBXGroup section */
		248B30E429CB62B400EBAD36 = {
			isa = PBXGroup;
			children = (
				248B313629CF1E1D00EBAD36 /* Networking */,
				248B312E29CCB47F00EBAD36 /* Resources */,
				248B30EF29CB62B400EBAD36 /* Twitter Clone */,
				248B30EE29CB62B400EBAD36 /* Products */,
				248B313929CF9D8D00EBAD36 /* Frameworks */,
			);
			sourceTree = "<group>";
		};
		248B30EE29CB62B400EBAD36 /* Products */ = {
			isa = PBXGroup;
			children = (
				248B30ED29CB62B400EBAD36 /* Twitter Clone.app */,
			);
			name = Products;
			sourceTree = "<group>";
		};
		248B30EF29CB62B400EBAD36 /* Twitter Clone */ = {
			isa = PBXGroup;
			children = (
				248B313329CCD63A00EBAD36 /* ViewModel */,
				248B310E29CB72EA00EBAD36 /* View */,
				248B310429CB649E00EBAD36 /* Controllers */,
				248B30F029CB62B400EBAD36 /* AppDelegate.swift */,
				248B30F229CB62B400EBAD36 /* SceneDelegate.swift */,
				248B30F929CB62B600EBAD36 /* Assets.xcassets */,
				248B30FB29CB62B600EBAD36 /* LaunchScreen.storyboard */,
				248B30FE29CB62B600EBAD36 /* Info.plist */,
			);
			path = "Twitter Clone";
			sourceTree = "<group>";
		};
		248B310429CB649E00EBAD36 /* Controllers */ = {
			isa = PBXGroup;
			children = (
				248B312B29CCAF8F00EBAD36 /* Onboarding */,
				248B311129CB981A00EBAD36 /* General */,
				248B310529CB64A900EBAD36 /* Core */,
			);
			path = Controllers;
			sourceTree = "<group>";
		};
		248B310529CB64A900EBAD36 /* Core */ = {
			isa = PBXGroup;
			children = (
				248B30F429CB62B400EBAD36 /* MainTabBarViewController.swift */,
				248B310629CB64BF00EBAD36 /* HomeViewController.swift */,
				248B310829CB64D100EBAD36 /* SearchViewController.swift */,
				248B310A29CB64E600EBAD36 /* NotificationViewController.swift */,
				248B310C29CB650000EBAD36 /* DirectMessagesViewController.swift */,
			);
			path = Core;
			sourceTree = "<group>";
		};
		248B310E29CB72EA00EBAD36 /* View */ = {
			isa = PBXGroup;
			children = (
				248B310F29CB731C00EBAD36 /* TweetTableViewCell.swift */,
				248B311429CC3A4700EBAD36 /* ProfileTableViewHeader.swift */,
			);
			path = View;
			sourceTree = "<group>";
		};
		248B311129CB981A00EBAD36 /* General */ = {
			isa = PBXGroup;
			children = (
				248B311229CB983B00EBAD36 /* ProfileViewController.swift */,
			);
			path = General;
			sourceTree = "<group>";
		};
		248B312B29CCAF8F00EBAD36 /* Onboarding */ = {
			isa = PBXGroup;
			children = (
				248B312C29CCAFB300EBAD36 /* OnboardingViewController.swift */,
				248B313129CCC1C700EBAD36 /* RegisterViewController.swift */,
			);
			path = Onboarding;
			sourceTree = "<group>";
		};
		248B312E29CCB47F00EBAD36 /* Resources */ = {
			isa = PBXGroup;
			children = (
				248B312F29CCB6A200EBAD36 /* GoogleService-Info.plist */,
			);
			path = Resources;
			sourceTree = "<group>";
		};
		248B313329CCD63A00EBAD36 /* ViewModel */ = {
			isa = PBXGroup;
			children = (
				248B313429CCD66900EBAD36 /* RegisterViewModel.swift */,
			);
			path = ViewModel;
			sourceTree = "<group>";
		};
		248B313629CF1E1D00EBAD36 /* Networking */ = {
			isa = PBXGroup;
			children = (
				248B313729CF1E3400EBAD36 /* AuthManager.swift */,
			);
			path = Networking;
			sourceTree = "<group>";
		};
		248B313929CF9D8D00EBAD36 /* Frameworks */ = {
			isa = PBXGroup;
			children = (
			);
			name = Frameworks;
			sourceTree = "<group>";
		};
/* End PBXGroup section */

/* Begin PBXNativeTarget section */
		248B30EC29CB62B400EBAD36 /* Twitter Clone */ = {
			isa = PBXNativeTarget;
			buildConfigurationList = 248B310129CB62B600EBAD36 /* Build configuration list for PBXNativeTarget "Twitter Clone" */;
			buildPhases = (
				248B30E929CB62B400EBAD36 /* Sources */,
				248B30EA29CB62B400EBAD36 /* Frameworks */,
				248B30EB29CB62B400EBAD36 /* Resources */,
			);
			buildRules = (
			);
			dependencies = (
			);
			name = "Twitter Clone";
			packageProductDependencies = (
				248B311929CCACB000EBAD36 /* FirebaseAuth */,
				248B311B29CCACB000EBAD36 /* FirebaseAuthCombine-Community */,
				248B311D29CCACB000EBAD36 /* FirebaseDatabase */,
				248B311F29CCACB000EBAD36 /* FirebaseDatabaseSwift */,
				248B312129CCACB000EBAD36 /* FirebaseFirestore */,
				248B312329CCACB000EBAD36 /* FirebaseFirestoreCombine-Community */,
				248B312529CCACB000EBAD36 /* FirebaseFirestoreSwift */,
				248B312729CCACB000EBAD36 /* FirebaseStorage */,
				248B312929CCACB000EBAD36 /* FirebaseStorageCombine-Community */,
			);
			productName = "Twitter Clone";
			productReference = 248B30ED29CB62B400EBAD36 /* Twitter Clone.app */;
			productType = "com.apple.product-type.application";
		};
/* End PBXNativeTarget section */

/* Begin PBXProject section */
		248B30E529CB62B400EBAD36 /* Project object */ = {
			isa = PBXProject;
			attributes = {
				BuildIndependentTargetsInParallel = 1;
				LastSwiftUpdateCheck = 1420;
				LastUpgradeCheck = 1420;
				TargetAttributes = {
					248B30EC29CB62B400EBAD36 = {
						CreatedOnToolsVersion = 14.2;
					};
				};
			};
			buildConfigurationList = 248B30E829CB62B400EBAD36 /* Build configuration list for PBXProject "Twitter Clone" */;
			compatibilityVersion = "Xcode 14.0";
			developmentRegion = en;
			hasScannedForEncodings = 0;
			knownRegions = (
				en,
				Base,
			);
			mainGroup = 248B30E429CB62B400EBAD36;
			packageReferences = (
				248B311829CCACB000EBAD36 /* XCRemoteSwiftPackageReference "firebase-ios-sdk" */,
			);
			productRefGroup = 248B30EE29CB62B400EBAD36 /* Products */;
			projectDirPath = "";
			projectRoot = "";
			targets = (
				248B30EC29CB62B400EBAD36 /* Twitter Clone */,
			);
		};
/* End PBXProject section */

/* Begin PBXResourcesBuildPhase section */
		248B30EB29CB62B400EBAD36 /* Resources */ = {
			isa = PBXResourcesBuildPhase;
			buildActionMask = 2147483647;
			files = (
				248B30FD29CB62B600EBAD36 /* LaunchScreen.storyboard in Resources */,
				248B30FA29CB62B600EBAD36 /* Assets.xcassets in Resources */,
				248B313029CCB6A200EBAD36 /* GoogleService-Info.plist in Resources */,
			);
			runOnlyForDeploymentPostprocessing = 0;
		};
/* End PBXResourcesBuildPhase section */

/* Begin PBXSourcesBuildPhase section */
		248B30E929CB62B400EBAD36 /* Sources */ = {
			isa = PBXSourcesBuildPhase;
			buildActionMask = 2147483647;
			files = (
				248B310929CB64D100EBAD36 /* SearchViewController.swift in Sources */,
				248B313829CF1E3400EBAD36 /* AuthManager.swift in Sources */,
				248B30F529CB62B400EBAD36 /* MainTabBarViewController.swift in Sources */,
				248B310B29CB64E600EBAD36 /* NotificationViewController.swift in Sources */,
				248B313229CCC1C700EBAD36 /* RegisterViewController.swift in Sources */,
				248B30F129CB62B400EBAD36 /* AppDelegate.swift in Sources */,
				248B30F329CB62B400EBAD36 /* SceneDelegate.swift in Sources */,
				248B310729CB64BF00EBAD36 /* HomeViewController.swift in Sources */,
				248B311329CB983B00EBAD36 /* ProfileViewController.swift in Sources */,
				248B310D29CB650000EBAD36 /* DirectMessagesViewController.swift in Sources */,
				248B311529CC3A4700EBAD36 /* ProfileTableViewHeader.swift in Sources */,
				248B313529CCD66900EBAD36 /* RegisterViewModel.swift in Sources */,
				248B312D29CCAFB300EBAD36 /* OnboardingViewController.swift in Sources */,
				248B311029CB731C00EBAD36 /* TweetTableViewCell.swift in Sources */,
			);
			runOnlyForDeploymentPostprocessing = 0;
		};
/* End PBXSourcesBuildPhase section */

/* Begin PBXVariantGroup section */
		248B30FB29CB62B600EBAD36 /* LaunchScreen.storyboard */ = {
			isa = PBXVariantGroup;
			children = (
				248B30FC29CB62B600EBAD36 /* Base */,
			);
			name = LaunchScreen.storyboard;
			sourceTree = "<group>";
		};
/* End PBXVariantGroup section */

/* Begin XCBuildConfiguration section */
		248B30FF29CB62B600EBAD36 /* Debug */ = {
			isa = XCBuildConfiguration;
			buildSettings = {
				ALWAYS_SEARCH_USER_PATHS = NO;
				CLANG_ANALYZER_NONNULL = YES;
				CLANG_ANALYZER_NUMBER_OBJECT_CONVERSION = YES_AGGRESSIVE;
				CLANG_CXX_LANGUAGE_STANDARD = "gnu++20";
				CLANG_ENABLE_MODULES = YES;
				CLANG_ENABLE_OBJC_ARC = YES;
				CLANG_ENABLE_OBJC_WEAK = YES;
				CLANG_WARN_BLOCK_CAPTURE_AUTORELEASING = YES;
				CLANG_WARN_BOOL_CONVERSION = YES;
				CLANG_WARN_COMMA = YES;
				CLANG_WARN_CONSTANT_CONVERSION = YES;
				CLANG_WARN_DEPRECATED_OBJC_IMPLEMENTATIONS = YES;
				CLANG_WARN_DIRECT_OBJC_ISA_USAGE = YES_ERROR;
				CLANG_WARN_DOCUMENTATION_COMMENTS = YES;
				CLANG_WARN_EMPTY_BODY = YES;
				CLANG_WARN_ENUM_CONVERSION = YES;
				CLANG_WARN_INFINITE_RECURSION = YES;
				CLANG_WARN_INT_CONVERSION = YES;
				CLANG_WARN_NON_LITERAL_NULL_CONVERSION = YES;
				CLANG_WARN_OBJC_IMPLICIT_RETAIN_SELF = YES;
				CLANG_WARN_OBJC_LITERAL_CONVERSION = YES;
				CLANG_WARN_OBJC_ROOT_CLASS = YES_ERROR;
				CLANG_WARN_QUOTED_INCLUDE_IN_FRAMEWORK_HEADER = YES;
				CLANG_WARN_RANGE_LOOP_ANALYSIS = YES;
				CLANG_WARN_STRICT_PROTOTYPES = YES;
				CLANG_WARN_SUSPICIOUS_MOVE = YES;
				CLANG_WARN_UNGUARDED_AVAILABILITY = YES_AGGRESSIVE;
				CLANG_WARN_UNREACHABLE_CODE = YES;
				CLANG_WARN__DUPLICATE_METHOD_MATCH = YES;
				COPY_PHASE_STRIP = NO;
				DEBUG_INFORMATION_FORMAT = dwarf;
				ENABLE_STRICT_OBJC_MSGSEND = YES;
				ENABLE_TESTABILITY = YES;
				GCC_C_LANGUAGE_STANDARD = gnu11;
				GCC_DYNAMIC_NO_PIC = NO;
				GCC_NO_COMMON_BLOCKS = YES;
				GCC_OPTIMIZATION_LEVEL = 0;
				GCC_PREPROCESSOR_DEFINITIONS = (
					"DEBUG=1",
					"$(inherited)",
				);
				GCC_WARN_64_TO_32_BIT_CONVERSION = YES;
				GCC_WARN_ABOUT_RETURN_TYPE = YES_ERROR;
				GCC_WARN_UNDECLARED_SELECTOR = YES;
				GCC_WARN_UNINITIALIZED_AUTOS = YES_AGGRESSIVE;
				GCC_WARN_UNUSED_FUNCTION = YES;
				GCC_WARN_UNUSED_VARIABLE = YES;
				IPHONEOS_DEPLOYMENT_TARGET = 16.2;
				MTL_ENABLE_DEBUG_INFO = INCLUDE_SOURCE;
				MTL_FAST_MATH = YES;
				ONLY_ACTIVE_ARCH = YES;
				SDKROOT = iphoneos;
				SWIFT_ACTIVE_COMPILATION_CONDITIONS = DEBUG;
				SWIFT_OPTIMIZATION_LEVEL = "-Onone";
			};
			name = Debug;
		};
		248B310029CB62B600EBAD36 /* Release */ = {
			isa = XCBuildConfiguration;
			buildSettings = {
				ALWAYS_SEARCH_USER_PATHS = NO;
				CLANG_ANALYZER_NONNULL = YES;
				CLANG_ANALYZER_NUMBER_OBJECT_CONVERSION = YES_AGGRESSIVE;
				CLANG_CXX_LANGUAGE_STANDARD = "gnu++20";
				CLANG_ENABLE_MODULES = YES;
				CLANG_ENABLE_OBJC_ARC = YES;
				CLANG_ENABLE_OBJC_WEAK = YES;
				CLANG_WARN_BLOCK_CAPTURE_AUTORELEASING = YES;
				CLANG_WARN_BOOL_CONVERSION = YES;
				CLANG_WARN_COMMA = YES;
				CLANG_WARN_CONSTANT_CONVERSION = YES;
				CLANG_WARN_DEPRECATED_OBJC_IMPLEMENTATIONS = YES;
				CLANG_WARN_DIRECT_OBJC_ISA_USAGE = YES_ERROR;
				CLANG_WARN_DOCUMENTATION_COMMENTS = YES;
				CLANG_WARN_EMPTY_BODY = YES;
				CLANG_WARN_ENUM_CONVERSION = YES;
				CLANG_WARN_INFINITE_RECURSION = YES;
				CLANG_WARN_INT_CONVERSION = YES;
				CLANG_WARN_NON_LITERAL_NULL_CONVERSION = YES;
				CLANG_WARN_OBJC_IMPLICIT_RETAIN_SELF = YES;
				CLANG_WARN_OBJC_LITERAL_CONVERSION = YES;
				CLANG_WARN_OBJC_ROOT_CLASS = YES_ERROR;
				CLANG_WARN_QUOTED_INCLUDE_IN_FRAMEWORK_HEADER = YES;
				CLANG_WARN_RANGE_LOOP_ANALYSIS = YES;
				CLANG_WARN_STRICT_PROTOTYPES = YES;
				CLANG_WARN_SUSPICIOUS_MOVE = YES;
				CLANG_WARN_UNGUARDED_AVAILABILITY = YES_AGGRESSIVE;
				CLANG_WARN_UNREACHABLE_CODE = YES;
				CLANG_WARN__DUPLICATE_METHOD_MATCH = YES;
				COPY_PHASE_STRIP = NO;
				DEBUG_INFORMATION_FORMAT = "dwarf-with-dsym";
				ENABLE_NS_ASSERTIONS = NO;
				ENABLE_STRICT_OBJC_MSGSEND = YES;
				GCC_C_LANGUAGE_STANDARD = gnu11;
				GCC_NO_COMMON_BLOCKS = YES;
				GCC_WARN_64_TO_32_BIT_CONVERSION = YES;
				GCC_WARN_ABOUT_RETURN_TYPE = YES_ERROR;
				GCC_WARN_UNDECLARED_SELECTOR = YES;
				GCC_WARN_UNINITIALIZED_AUTOS = YES_AGGRESSIVE;
				GCC_WARN_UNUSED_FUNCTION = YES;
				GCC_WARN_UNUSED_VARIABLE = YES;
				IPHONEOS_DEPLOYMENT_TARGET = 16.2;
				MTL_ENABLE_DEBUG_INFO = NO;
				MTL_FAST_MATH = YES;
				SDKROOT = iphoneos;
				SWIFT_COMPILATION_MODE = wholemodule;
				SWIFT_OPTIMIZATION_LEVEL = "-O";
				VALIDATE_PRODUCT = YES;
			};
			name = Release;
		};
		248B310229CB62B600EBAD36 /* Debug */ = {
			isa = XCBuildConfiguration;
			buildSettings = {
				ASSETCATALOG_COMPILER_APPICON_NAME = AppIcon;
				ASSETCATALOG_COMPILER_GLOBAL_ACCENT_COLOR_NAME = AccentColor;
				CODE_SIGN_STYLE = Automatic;
				CURRENT_PROJECT_VERSION = 1;
				DEVELOPMENT_TEAM = 5C86U37WWL;
				GENERATE_INFOPLIST_FILE = YES;
				INFOPLIST_FILE = "Twitter Clone/Info.plist";
				INFOPLIST_KEY_UIApplicationSupportsIndirectInputEvents = YES;
				INFOPLIST_KEY_UILaunchStoryboardName = LaunchScreen;
				INFOPLIST_KEY_UISupportedInterfaceOrientations_iPad = "UIInterfaceOrientationPortrait UIInterfaceOrientationPortraitUpsideDown UIInterfaceOrientationLandscapeLeft UIInterfaceOrientationLandscapeRight";
				INFOPLIST_KEY_UISupportedInterfaceOrientations_iPhone = "UIInterfaceOrientationPortrait UIInterfaceOrientationLandscapeLeft UIInterfaceOrientationLandscapeRight";
				LD_RUNPATH_SEARCH_PATHS = (
					"$(inherited)",
					"@executable_path/Frameworks",
				);
				MARKETING_VERSION = 1.0;
				PRODUCT_BUNDLE_IDENTIFIER = "me.Twitter-Clone";
				PRODUCT_NAME = "$(TARGET_NAME)";
				SWIFT_EMIT_LOC_STRINGS = YES;
				SWIFT_VERSION = 5.0;
				TARGETED_DEVICE_FAMILY = "1,2";
			};
			name = Debug;
		};
		248B310329CB62B600EBAD36 /* Release */ = {
			isa = XCBuildConfiguration;
			buildSettings = {
				ASSETCATALOG_COMPILER_APPICON_NAME = AppIcon;
				ASSETCATALOG_COMPILER_GLOBAL_ACCENT_COLOR_NAME = AccentColor;
				CODE_SIGN_STYLE = Automatic;
				CURRENT_PROJECT_VERSION = 1;
				DEVELOPMENT_TEAM = 5C86U37WWL;
				GENERATE_INFOPLIST_FILE = YES;
				INFOPLIST_FILE = "Twitter Clone/Info.plist";
				INFOPLIST_KEY_UIApplicationSupportsIndirectInputEvents = YES;
				INFOPLIST_KEY_UILaunchStoryboardName = LaunchScreen;
				INFOPLIST_KEY_UISupportedInterfaceOrientations_iPad = "UIInterfaceOrientationPortrait UIInterfaceOrientationPortraitUpsideDown UIInterfaceOrientationLandscapeLeft UIInterfaceOrientationLandscapeRight";
				INFOPLIST_KEY_UISupportedInterfaceOrientations_iPhone = "UIInterfaceOrientationPortrait UIInterfaceOrientationLandscapeLeft UIInterfaceOrientationLandscapeRight";
				LD_RUNPATH_SEARCH_PATHS = (
					"$(inherited)",
					"@executable_path/Frameworks",
				);
				MARKETING_VERSION = 1.0;
				PRODUCT_BUNDLE_IDENTIFIER = "me.Twitter-Clone";
				PRODUCT_NAME = "$(TARGET_NAME)";
				SWIFT_EMIT_LOC_STRINGS = YES;
				SWIFT_VERSION = 5.0;
				TARGETED_DEVICE_FAMILY = "1,2";
			};
			name = Release;
		};
/* End XCBuildConfiguration section */

/* Begin XCConfigurationList section */
		248B30E829CB62B400EBAD36 /* Build configuration list for PBXProject "Twitter Clone" */ = {
			isa = XCConfigurationList;
			buildConfigurations = (
				248B30FF29CB62B600EBAD36 /* Debug */,
				248B310029CB62B600EBAD36 /* Release */,
			);
			defaultConfigurationIsVisible = 0;
			defaultConfigurationName = Release;
		};
		248B310129CB62B600EBAD36 /* Build configuration list for PBXNativeTarget "Twitter Clone" */ = {
			isa = XCConfigurationList;
			buildConfigurations = (
				248B310229CB62B600EBAD36 /* Debug */,
				248B310329CB62B600EBAD36 /* Release */,
			);
			defaultConfigurationIsVisible = 0;
			defaultConfigurationName = Release;
		};
/* End XCConfigurationList section */

/* Begin XCRemoteSwiftPackageReference section */
		248B311829CCACB000EBAD36 /* XCRemoteSwiftPackageReference "firebase-ios-sdk" */ = {
			isa = XCRemoteSwiftPackageReference;
			repositoryURL = "https://github.com/firebase/firebase-ios-sdk";
			requirement = {
				kind = upToNextMajorVersion;
				minimumVersion = 9.0.0;
			};
		};
/* End XCRemoteSwiftPackageReference section */

/* Begin XCSwiftPackageProductDependency section */
		248B311929CCACB000EBAD36 /* FirebaseAuth */ = {
			isa = XCSwiftPackageProductDependency;
			package = 248B311829CCACB000EBAD36 /* XCRemoteSwiftPackageReference "firebase-ios-sdk" */;
			productName = FirebaseAuth;
		};
		248B311B29CCACB000EBAD36 /* FirebaseAuthCombine-Community */ = {
			isa = XCSwiftPackageProductDependency;
			package = 248B311829CCACB000EBAD36 /* XCRemoteSwiftPackageReference "firebase-ios-sdk" */;
			productName = "FirebaseAuthCombine-Community";
		};
		248B311D29CCACB000EBAD36 /* FirebaseDatabase */ = {
			isa = XCSwiftPackageProductDependency;
			package = 248B311829CCACB000EBAD36 /* XCRemoteSwiftPackageReference "firebase-ios-sdk" */;
			productName = FirebaseDatabase;
		};
		248B311F29CCACB000EBAD36 /* FirebaseDatabaseSwift */ = {
			isa = XCSwiftPackageProductDependency;
			package = 248B311829CCACB000EBAD36 /* XCRemoteSwiftPackageReference "firebase-ios-sdk" */;
			productName = FirebaseDatabaseSwift;
		};
		248B312129CCACB000EBAD36 /* FirebaseFirestore */ = {
			isa = XCSwiftPackageProductDependency;
			package = 248B311829CCACB000EBAD36 /* XCRemoteSwiftPackageReference "firebase-ios-sdk" */;
			productName = FirebaseFirestore;
		};
		248B312329CCACB000EBAD36 /* FirebaseFirestoreCombine-Community */ = {
			isa = XCSwiftPackageProductDependency;
			package = 248B311829CCACB000EBAD36 /* XCRemoteSwiftPackageReference "firebase-ios-sdk" */;
			productName = "FirebaseFirestoreCombine-Community";
		};
		248B312529CCACB000EBAD36 /* FirebaseFirestoreSwift */ = {
			isa = XCSwiftPackageProductDependency;
			package = 248B311829CCACB000EBAD36 /* XCRemoteSwiftPackageReference "firebase-ios-sdk" */;
			productName = FirebaseFirestoreSwift;
		};
		248B312729CCACB000EBAD36 /* FirebaseStorage */ = {
			isa = XCSwiftPackageProductDependency;
			package = 248B311829CCACB000EBAD36 /* XCRemoteSwiftPackageReference "firebase-ios-sdk" */;
			productName = FirebaseStorage;
		};
		248B312929CCACB000EBAD36 /* FirebaseStorageCombine-Community */ = {
			isa = XCSwiftPackageProductDependency;
			package = 248B311829CCACB000EBAD36 /* XCRemoteSwiftPackageReference "firebase-ios-sdk" */;
			productName = "FirebaseStorageCombine-Community";
		};
/* End XCSwiftPackageProductDependency section */
	};
	rootObject = 248B30E529CB62B400EBAD36 /* Project object */;
}
